# This file is autogenerated, do not edit; changes may be undone by the next 'dep ensure'.


[[projects]]
  name = "github.com/blackjack/webcam"
  packages = [
    ".",
    "ioctl"
  ]
  revision = "dba29cd98b67338ba06da65a102550592eed5426"
  version = "v0.3"

[[projects]]
  branch = "master"
  name = "golang.org/x/image"
  packages = [
    "draw",
    "math/f64"
  ]
  revision = "c73c2afc3b812cdd6385de5a50616511c4a3d458"

[[projects]]
  branch = "master"
  name = "golang.org/x/sys"
  packages = ["unix"]
  revision = "ac767d655b305d4e9612f5f6e33120b9176c4ad4"

[solve-meta]
  analyzer-name = "dep"
  analyzer-version = 1
  inputs-digest = "c0aac8306b222d821a9df173539152f60ad40058f4a1cda50a1bf6565a46a648"
  solver-name = "gps-cdcl"
  solver-version = 1
